
Microsoft Visual Studio Solution File, Format Version 12.00
# Visual Studio Version 16
VisualStudioVersion = 16.0.30011.22
MinimumVisualStudioVersion = 10.0.40219.1
Project("{FAE04EC0-301F-11D3-BF4B-00C04F79EFBC}") = "accounting", "accounting\accounting.csproj", "{9B4EC41D-85C8-41E7-B58B-257F06FE07CF}"
EndProject
Global
	GlobalSection(SolutionConfigurationPlatforms) = preSolution
		Debug|Any CPU = Debug|Any CPU
		Release|Any CPU = Release|Any CPU
	EndGlobalSection
	GlobalSection(ProjectConfigurationPlatforms) = postSolution
		{9B4EC41D-85C8-41E7-B58B-257F06FE07CF}.Debug|Any CPU.ActiveCfg = Debug|Any CPU
		{9B4EC41D-85C8-41E7-B58B-257F06FE07CF}.Debug|Any CPU.Build.0 = Debug|Any CPU
		{9B4EC41D-85C8-41E7-B58B-257F06FE07CF}.Release|Any CPU.ActiveCfg = Release|Any CPU
		{9B4EC41D-85C8-41E7-B58B-257F06FE07CF}.Release|Any CPU.Build.0 = Release|Any CPU
	EndGlobalSection
	GlobalSection(SolutionProperties) = preSolution
		HideSolutionNode = FALSE
	EndGlobalSection
	GlobalSection(ExtensibilityGlobals) = postSolution
		SolutionGuid = {163BA357-9203-4E91-B684-5EA9B34CE420}
	EndGlobalSection
EndGlobal
